
Microsoft Visual Studio Solution File, Format Version 12.00
# Visual Studio Version 16
VisualStudioVersion = 16.0.33801.447
MinimumVisualStudioVersion = 10.0.40219.1
Project("{9A19103F-16F7-4668-BE54-9A1E7A4F7556}") = "vindly", "vindly.csproj", "{028B9CD4-AAB3-4782-BBBF-DB220AA46300}"
EndProject
Global
	GlobalSection(SolutionConfigurationPlatforms) = preSolution
		Debug|Any CPU = Debug|Any CPU
		Release|Any CPU = Release|Any CPU
	EndGlobalSection
	GlobalSection(ProjectConfigurationPlatforms) = postSolution
		{028B9CD4-AAB3-4782-BBBF-DB220AA46300}.Debug|Any CPU.ActiveCfg = Debug|Any CPU
		{028B9CD4-AAB3-4782-BBBF-DB220AA46300}.Debug|Any CPU.Build.0 = Debug|Any CPU
		{028B9CD4-AAB3-4782-BBBF-DB220AA46300}.Release|Any CPU.ActiveCfg = Release|Any CPU
		{028B9CD4-AAB3-4782-BBBF-DB220AA46300}.Release|Any CPU.Build.0 = Release|Any CPU
	EndGlobalSection
	GlobalSection(SolutionProperties) = preSolution
		HideSolutionNode = FALSE
	EndGlobalSection
	GlobalSection(ExtensibilityGlobals) = postSolution
		SolutionGuid = {6591C1C8-23A6-407D-AD45-60B37C2BB287}
	EndGlobalSection
EndGlobal
